
Microsoft Visual Studio Solution File, Format Version 12.00
# Visual Studio Version 17
VisualStudioVersion = 17.7.34018.315
MinimumVisualStudioVersion = 10.0.40219.1
Project("{9A19103F-16F7-4668-BE54-9A1E7A4F7556}") = "RobotaNearMe", "RobotaNearMe\RobotaNearMe.csproj", "{0949932B-AA84-49B1-8DE9-51727DF3E283}"
EndProject
Project("{9A19103F-16F7-4668-BE54-9A1E7A4F7556}") = "RobotaNearMe.Lib", "RobotaNearMe.Lib\RobotaNearMe.Lib.csproj", "{0AEB8B4E-0868-410A-BAF5-FD87E2B62D2D}"
EndProject
Project("{9A19103F-16F7-4668-BE54-9A1E7A4F7556}") = "RobotaNearMe.Client", "RobotaNearMe.Client\RobotaNearMe.Client.csproj", "{62C02F18-5E0A-4B86-A68F-5A06F20CA52F}"
EndProject
Global
	GlobalSection(SolutionConfigurationPlatforms) = preSolution
		Debug|Any CPU = Debug|Any CPU
		Release|Any CPU = Release|Any CPU
	EndGlobalSection
	GlobalSection(ProjectConfigurationPlatforms) = postSolution
		{0949932B-AA84-49B1-8DE9-51727DF3E283}.Debug|Any CPU.ActiveCfg = Debug|Any CPU
		{0949932B-AA84-49B1-8DE9-51727DF3E283}.Debug|Any CPU.Build.0 = Debug|Any CPU
		{0949932B-AA84-49B1-8DE9-51727DF3E283}.Release|Any CPU.ActiveCfg = Release|Any CPU
		{0949932B-AA84-49B1-8DE9-51727DF3E283}.Release|Any CPU.Build.0 = Release|Any CPU
		{0AEB8B4E-0868-410A-BAF5-FD87E2B62D2D}.Debug|Any CPU.ActiveCfg = Debug|Any CPU
		{0AEB8B4E-0868-410A-BAF5-FD87E2B62D2D}.Debug|Any CPU.Build.0 = Debug|Any CPU
		{0AEB8B4E-0868-410A-BAF5-FD87E2B62D2D}.Release|Any CPU.ActiveCfg = Release|Any CPU
		{0AEB8B4E-0868-410A-BAF5-FD87E2B62D2D}.Release|Any CPU.Build.0 = Release|Any CPU
		{62C02F18-5E0A-4B86-A68F-5A06F20CA52F}.Debug|Any CPU.ActiveCfg = Debug|Any CPU
		{62C02F18-5E0A-4B86-A68F-5A06F20CA52F}.Debug|Any CPU.Build.0 = Debug|Any CPU
		{62C02F18-5E0A-4B86-A68F-5A06F20CA52F}.Release|Any CPU.ActiveCfg = Release|Any CPU
		{62C02F18-5E0A-4B86-A68F-5A06F20CA52F}.Release|Any CPU.Build.0 = Release|Any CPU
	EndGlobalSection
	GlobalSection(SolutionProperties) = preSolution
		HideSolutionNode = FALSE
	EndGlobalSection
	GlobalSection(ExtensibilityGlobals) = postSolution
		SolutionGuid = {2F68CA2C-2EE4-4F12-86CA-F37D57BA35A8}
	EndGlobalSection
EndGlobal
